
Microsoft Visual Studio Solution File, Format Version 12.00
# Visual Studio Version 17
VisualStudioVersion = 17.6.33723.286
MinimumVisualStudioVersion = 10.0.40219.1
Project("{FAE04EC0-301F-11D3-BF4B-00C04F79EFBC}") = "game", "WinFormsApp2\game.csproj", "{DDA9F731-2A2B-48FF-84C9-06009869063C}"
EndProject
Global
	GlobalSection(SolutionConfigurationPlatforms) = preSolution
		Debug|Any CPU = Debug|Any CPU
		Release|Any CPU = Release|Any CPU
	EndGlobalSection
	GlobalSection(ProjectConfigurationPlatforms) = postSolution
		{DDA9F731-2A2B-48FF-84C9-06009869063C}.Debug|Any CPU.ActiveCfg = Debug|Any CPU
		{DDA9F731-2A2B-48FF-84C9-06009869063C}.Debug|Any CPU.Build.0 = Debug|Any CPU
		{DDA9F731-2A2B-48FF-84C9-06009869063C}.Release|Any CPU.ActiveCfg = Release|Any CPU
		{DDA9F731-2A2B-48FF-84C9-06009869063C}.Release|Any CPU.Build.0 = Release|Any CPU
	EndGlobalSection
	GlobalSection(SolutionProperties) = preSolution
		HideSolutionNode = FALSE
	EndGlobalSection
	GlobalSection(ExtensibilityGlobals) = postSolution
		SolutionGuid = {87D06E05-5617-4A84-9CB1-287284ED9C1C}
	EndGlobalSection
EndGlobal
